
Microsoft Visual Studio Solution File, Format Version 12.00
# Visual Studio Version 16
VisualStudioVersion = 16.0.30225.117
MinimumVisualStudioVersion = 10.0.40219.1
Project("{FAE04EC0-301F-11D3-BF4B-00C04F79EFBC}") = "Page_XF.UWP", "Page_XF.UWP\Page_XF.UWP.csproj", "{7D409D1A-5CC2-4D6F-B589-496EDB64C83C}"
EndProject
Project("{FAE04EC0-301F-11D3-BF4B-00C04F79EFBC}") = "Page_XF.Android", "Page_XF.Android\Page_XF.Android.csproj", "{0F291768-14B5-4BAB-88D6-5406DA4E71F8}"
EndProject
Project("{FAE04EC0-301F-11D3-BF4B-00C04F79EFBC}") = "Page_XF.iOS", "Page_XF.iOS\Page_XF.iOS.csproj", "{5192A13C-DCC8-4623-BD5B-E5D6DB033875}"
EndProject
Project("{FAE04EC0-301F-11D3-BF4B-00C04F79EFBC}") = "Page_XF", "Page_XF\Page_XF.csproj", "{67E5C4FB-97AA-4473-AD32-F11F72F1E20E}"
EndProject
Global
	GlobalSection(SolutionConfigurationPlatforms) = preSolution
		Debug|Any CPU = Debug|Any CPU
		Debug|ARM = Debug|ARM
		Debug|iPhone = Debug|iPhone
		Debug|iPhoneSimulator = Debug|iPhoneSimulator
		Debug|x64 = Debug|x64
		Debug|x86 = Debug|x86
		Release|Any CPU = Release|Any CPU
		Release|ARM = Release|ARM
		Release|iPhone = Release|iPhone
		Release|iPhoneSimulator = Release|iPhoneSimulator
		Release|x64 = Release|x64
		Release|x86 = Release|x86
	EndGlobalSection
	GlobalSection(ProjectConfigurationPlatforms) = postSolution
		{7D409D1A-5CC2-4D6F-B589-496EDB64C83C}.Debug|Any CPU.ActiveCfg = Debug|x86
		{7D409D1A-5CC2-4D6F-B589-496EDB64C83C}.Debug|Any CPU.Build.0 = Debug|x86
		{7D409D1A-5CC2-4D6F-B589-496EDB64C83C}.Debug|Any CPU.Deploy.0 = Debug|x86
		{7D409D1A-5CC2-4D6F-B589-496EDB64C83C}.Debug|ARM.ActiveCfg = Debug|ARM
		{7D409D1A-5CC2-4D6F-B589-496EDB64C83C}.Debug|ARM.Build.0 = Debug|ARM
		{7D409D1A-5CC2-4D6F-B589-496EDB64C83C}.Debug|ARM.Deploy.0 = Debug|ARM
		{7D409D1A-5CC2-4D6F-B589-496EDB64C83C}.Debug|iPhone.ActiveCfg = Debug|x86
		{7D409D1A-5CC2-4D6F-B589-496EDB64C83C}.Debug|iPhone.Build.0 = Debug|x86
		{7D409D1A-5CC2-4D6F-B589-496EDB64C83C}.Debug|iPhone.Deploy.0 = Debug|x86
		{7D409D1A-5CC2-4D6F-B589-496EDB64C83C}.Debug|iPhoneSimulator.ActiveCfg = Debug|x86
		{7D409D1A-5CC2-4D6F-B589-496EDB64C83C}.Debug|iPhoneSimulator.Build.0 = Debug|x86
		{7D409D1A-5CC2-4D6F-B589-496EDB64C83C}.Debug|iPhoneSimulator.Deploy.0 = Debug|x86
		{7D409D1A-5CC2-4D6F-B589-496EDB64C83C}.Debug|x64.ActiveCfg = Debug|x64
		{7D409D1A-5CC2-4D6F-B589-496EDB64C83C}.Debug|x64.Build.0 = Debug|x64
		{7D409D1A-5CC2-4D6F-B589-496EDB64C83C}.Debug|x64.Deploy.0 = Debug|x64
		{7D409D1A-5CC2-4D6F-B589-496EDB64C83C}.Debug|x86.ActiveCfg = Debug|x86
		{7D409D1A-5CC2-4D6F-B589-496EDB64C83C}.Debug|x86.Build.0 = Debug|x86
		{7D409D1A-5CC2-4D6F-B589-496EDB64C83C}.Debug|x86.Deploy.0 = Debug|x86
		{7D409D1A-5CC2-4D6F-B589-496EDB64C83C}.Release|Any CPU.ActiveCfg = Release|x86
		{7D409D1A-5CC2-4D6F-B589-496EDB64C83C}.Release|Any CPU.Build.0 = Release|x86
		{7D409D1A-5CC2-4D6F-B589-496EDB64C83C}.Release|Any CPU.Deploy.0 = Release|x86
		{7D409D1A-5CC2-4D6F-B589-496EDB64C83C}.Release|ARM.ActiveCfg = Release|ARM
		{7D409D1A-5CC2-4D6F-B589-496EDB64C83C}.Release|ARM.Build.0 = Release|ARM
		{7D409D1A-5CC2-4D6F-B589-496EDB64C83C}.Release|ARM.Deploy.0 = Release|ARM
		{7D409D1A-5CC2-4D6F-B589-496EDB64C83C}.Release|iPhone.ActiveCfg = Release|x86
		{7D409D1A-5CC2-4D6F-B589-496EDB64C83C}.Release|iPhone.Build.0 = Release|x86
		{7D409D1A-5CC2-4D6F-B589-496EDB64C83C}.Release|iPhone.Deploy.0 = Release|x86
		{7D409D1A-5CC2-4D6F-B589-496EDB64C83C}.Release|iPhoneSimulator.ActiveCfg = Release|x86
		{7D409D1A-5CC2-4D6F-B589-496EDB64C83C}.Release|iPhoneSimulator.Build.0 = Release|x86
		{7D409D1A-5CC2-4D6F-B589-496EDB64C83C}.Release|iPhoneSimulator.Deploy.0 = Release|x86
		{7D409D1A-5CC2-4D6F-B589-496EDB64C83C}.Release|x64.ActiveCfg = Release|x64
		{7D409D1A-5CC2-4D6F-B589-496EDB64C83C}.Release|x64.Build.0 = Release|x64
		{7D409D1A-5CC2-4D6F-B589-496EDB64C83C}.Release|x64.Deploy.0 = Release|x64
		{7D409D1A-5CC2-4D6F-B589-496EDB64C83C}.Release|x86.ActiveCfg = Release|x86
		{7D409D1A-5CC2-4D6F-B589-496EDB64C83C}.Release|x86.Build.0 = Release|x86
		{7D409D1A-5CC2-4D6F-B589-496EDB64C83C}.Release|x86.Deploy.0 = Release|x86
		{0F291768-14B5-4BAB-88D6-5406DA4E71F8}.Debug|Any CPU.ActiveCfg = Debug|Any CPU
		{0F291768-14B5-4BAB-88D6-5406DA4E71F8}.Debug|Any CPU.Build.0 = Debug|Any CPU
		{0F291768-14B5-4BAB-88D6-5406DA4E71F8}.Debug|Any CPU.Deploy.0 = Debug|Any CPU
		{0F291768-14B5-4BAB-88D6-5406DA4E71F8}.Debug|ARM.ActiveCfg = Debug|Any CPU
		{0F291768-14B5-4BAB-88D6-5406DA4E71F8}.Debug|ARM.Build.0 = Debug|Any CPU
		{0F291768-14B5-4BAB-88D6-5406DA4E71F8}.Debug|ARM.Deploy.0 = Debug|Any CPU
		{0F291768-14B5-4BAB-88D6-5406DA4E71F8}.Debug|iPhone.ActiveCfg = Debug|Any CPU
		{0F291768-14B5-4BAB-88D6-5406DA4E71F8}.Debug|iPhone.Build.0 = Debug|Any CPU
		{0F291768-14B5-4BAB-88D6-5406DA4E71F8}.Debug|iPhone.Deploy.0 = Debug|Any CPU
		{0F291768-14B5-4BAB-88D6-5406DA4E71F8}.Debug|iPhoneSimulator.ActiveCfg = Debug|Any CPU
		{0F291768-14B5-4BAB-88D6-5406DA4E71F8}.Debug|iPhoneSimulator.Build.0 = Debug|Any CPU
		{0F291768-14B5-4BAB-88D6-5406DA4E71F8}.Debug|iPhoneSimulator.Deploy.0 = Debug|Any CPU
		{0F291768-14B5-4BAB-88D6-5406DA4E71F8}.Debug|x64.ActiveCfg = Debug|Any CPU
		{0F291768-14B5-4BAB-88D6-5406DA4E71F8}.Debug|x64.Build.0 = Debug|Any CPU
		{0F291768-14B5-4BAB-88D6-5406DA4E71F8}.Debug|x64.Deploy.0 = Debug|Any CPU
		{0F291768-14B5-4BAB-88D6-5406DA4E71F8}.Debug|x86.ActiveCfg = Debug|Any CPU
		{0F291768-14B5-4BAB-88D6-5406DA4E71F8}.Debug|x86.Build.0 = Debug|Any CPU
		{0F291768-14B5-4BAB-88D6-5406DA4E71F8}.Debug|x86.Deploy.0 = Debug|Any CPU
		{0F291768-14B5-4BAB-88D6-5406DA4E71F8}.Release|Any CPU.ActiveCfg = Release|Any CPU
		{0F291768-14B5-4BAB-88D6-5406DA4E71F8}.Release|Any CPU.Build.0 = Release|Any CPU
		{0F291768-14B5-4BAB-88D6-5406DA4E71F8}.Release|Any CPU.Deploy.0 = Release|Any CPU
		{0F291768-14B5-4BAB-88D6-5406DA4E71F8}.Release|ARM.ActiveCfg = Release|Any CPU
		{0F291768-14B5-4BAB-88D6-5406DA4E71F8}.Release|ARM.Build.0 = Release|Any CPU
		{0F291768-14B5-4BAB-88D6-5406DA4E71F8}.Release|ARM.Deploy.0 = Release|Any CPU
		{0F291768-14B5-4BAB-88D6-5406DA4E71F8}.Release|iPhone.ActiveCfg = Release|Any CPU
		{0F291768-14B5-4BAB-88D6-5406DA4E71F8}.Release|iPhone.Build.0 = Release|Any CPU
		{0F291768-14B5-4BAB-88D6-5406DA4E71F8}.Release|iPhone.Deploy.0 = Release|Any CPU
		{0F291768-14B5-4BAB-88D6-5406DA4E71F8}.Release|iPhoneSimulator.ActiveCfg = Release|Any CPU
		{0F291768-14B5-4BAB-88D6-5406DA4E71F8}.Release|iPhoneSimulator.Build.0 = Release|Any CPU
		{0F291768-14B5-4BAB-88D6-5406DA4E71F8}.Release|iPhoneSimulator.Deploy.0 = Release|Any CPU
		{0F291768-14B5-4BAB-88D6-5406DA4E71F8}.Release|x64.ActiveCfg = Release|Any CPU
		{0F291768-14B5-4BAB-88D6-5406DA4E71F8}.Release|x64.Build.0 = Release|Any CPU
		{0F291768-14B5-4BAB-88D6-5406DA4E71F8}.Release|x64.Deploy.0 = Release|Any CPU
		{0F291768-14B5-4BAB-88D6-5406DA4E71F8}.Release|x86.ActiveCfg = Release|Any CPU
		{0F291768-14B5-4BAB-88D6-5406DA4E71F8}.Release|x86.Build.0 = Release|Any CPU
		{0F291768-14B5-4BAB-88D6-5406DA4E71F8}.Release|x86.Deploy.0 = Release|Any CPU
		{5192A13C-DCC8-4623-BD5B-E5D6DB033875}.Debug|Any CPU.ActiveCfg = Debug|iPhone
		{5192A13C-DCC8-4623-BD5B-E5D6DB033875}.Debug|Any CPU.Build.0 = Debug|iPhone
		{5192A13C-DCC8-4623-BD5B-E5D6DB033875}.Debug|Any CPU.Deploy.0 = Debug|iPhone
		{5192A13C-DCC8-4623-BD5B-E5D6DB033875}.Debug|ARM.ActiveCfg = Debug|iPhone
		{5192A13C-DCC8-4623-BD5B-E5D6DB033875}.Debug|ARM.Build.0 = Debug|iPhone
		{5192A13C-DCC8-4623-BD5B-E5D6DB033875}.Debug|ARM.Deploy.0 = Debug|iPhone
		{5192A13C-DCC8-4623-BD5B-E5D6DB033875}.Debug|iPhone.ActiveCfg = Debug|iPhone
		{5192A13C-DCC8-4623-BD5B-E5D6DB033875}.Debug|iPhone.Build.0 = Debug|iPhone
		{5192A13C-DCC8-4623-BD5B-E5D6DB033875}.Debug|iPhone.Deploy.0 = Debug|iPhone
		{5192A13C-DCC8-4623-BD5B-E5D6DB033875}.Debug|iPhoneSimulator.ActiveCfg = Debug|iPhoneSimulator
		{5192A13C-DCC8-4623-BD5B-E5D6DB033875}.Debug|iPhoneSimulator.Build.0 = Debug|iPhoneSimulator
		{5192A13C-DCC8-4623-BD5B-E5D6DB033875}.Debug|iPhoneSimulator.Deploy.0 = Debug|iPhoneSimulator
		{5192A13C-DCC8-4623-BD5B-E5D6DB033875}.Debug|x64.ActiveCfg = Debug|iPhone
		{5192A13C-DCC8-4623-BD5B-E5D6DB033875}.Debug|x64.Build.0 = Debug|iPhone
		{5192A13C-DCC8-4623-BD5B-E5D6DB033875}.Debug|x64.Deploy.0 = Debug|iPhone
		{5192A13C-DCC8-4623-BD5B-E5D6DB033875}.Debug|x86.ActiveCfg = Debug|iPhone
		{5192A13C-DCC8-4623-BD5B-E5D6DB033875}.Debug|x86.Build.0 = Debug|iPhone
		{5192A13C-DCC8-4623-BD5B-E5D6DB033875}.Debug|x86.Deploy.0 = Debug|iPhone
		{5192A13C-DCC8-4623-BD5B-E5D6DB033875}.Release|Any CPU.ActiveCfg = Release|iPhone
		{5192A13C-DCC8-4623-BD5B-E5D6DB033875}.Release|Any CPU.Build.0 = Release|iPhone
		{5192A13C-DCC8-4623-BD5B-E5D6DB033875}.Release|Any CPU.Deploy.0 = Release|iPhone
		{5192A13C-DCC8-4623-BD5B-E5D6DB033875}.Release|ARM.ActiveCfg = Release|iPhone
		{5192A13C-DCC8-4623-BD5B-E5D6DB033875}.Release|ARM.Build.0 = Release|iPhone
		{5192A13C-DCC8-4623-BD5B-E5D6DB033875}.Release|ARM.Deploy.0 = Release|iPhone
		{5192A13C-DCC8-4623-BD5B-E5D6DB033875}.Release|iPhone.ActiveCfg = Release|iPhone
		{5192A13C-DCC8-4623-BD5B-E5D6DB033875}.Release|iPhone.Build.0 = Release|iPhone
		{5192A13C-DCC8-4623-BD5B-E5D6DB033875}.Release|iPhone.Deploy.0 = Release|iPhone
		{5192A13C-DCC8-4623-BD5B-E5D6DB033875}.Release|iPhoneSimulator.ActiveCfg = Release|iPhoneSimulator
		{5192A13C-DCC8-4623-BD5B-E5D6DB033875}.Release|iPhoneSimulator.Build.0 = Release|iPhoneSimulator
		{5192A13C-DCC8-4623-BD5B-E5D6DB033875}.Release|iPhoneSimulator.Deploy.0 = Release|iPhoneSimulator
		{5192A13C-DCC8-4623-BD5B-E5D6DB033875}.Release|x64.ActiveCfg = Release|iPhone
		{5192A13C-DCC8-4623-BD5B-E5D6DB033875}.Release|x64.Build.0 = Release|iPhone
		{5192A13C-DCC8-4623-BD5B-E5D6DB033875}.Release|x64.Deploy.0 = Release|iPhone
		{5192A13C-DCC8-4623-BD5B-E5D6DB033875}.Release|x86.ActiveCfg = Release|iPhone
		{5192A13C-DCC8-4623-BD5B-E5D6DB033875}.Release|x86.Build.0 = Release|iPhone
		{5192A13C-DCC8-4623-BD5B-E5D6DB033875}.Release|x86.Deploy.0 = Release|iPhone
		{67E5C4FB-97AA-4473-AD32-F11F72F1E20E}.Debug|Any CPU.ActiveCfg = Debug|Any CPU
		{67E5C4FB-97AA-4473-AD32-F11F72F1E20E}.Debug|Any CPU.Build.0 = Debug|Any CPU
		{67E5C4FB-97AA-4473-AD32-F11F72F1E20E}.Debug|Any CPU.Deploy.0 = Debug|Any CPU
		{67E5C4FB-97AA-4473-AD32-F11F72F1E20E}.Debug|ARM.ActiveCfg = Debug|Any CPU
		{67E5C4FB-97AA-4473-AD32-F11F72F1E20E}.Debug|ARM.Build.0 = Debug|Any CPU
		{67E5C4FB-97AA-4473-AD32-F11F72F1E20E}.Debug|ARM.Deploy.0 = Debug|Any CPU
		{67E5C4FB-97AA-4473-AD32-F11F72F1E20E}.Debug|iPhone.ActiveCfg = Debug|Any CPU
		{67E5C4FB-97AA-4473-AD32-F11F72F1E20E}.Debug|iPhone.Build.0 = Debug|Any CPU
		{67E5C4FB-97AA-4473-AD32-F11F72F1E20E}.Debug|iPhone.Deploy.0 = Debug|Any CPU
		{67E5C4FB-97AA-4473-AD32-F11F72F1E20E}.Debug|iPhoneSimulator.ActiveCfg = Debug|Any CPU
		{67E5C4FB-97AA-4473-AD32-F11F72F1E20E}.Debug|iPhoneSimulator.Build.0 = Debug|Any CPU
		{67E5C4FB-97AA-4473-AD32-F11F72F1E20E}.Debug|iPhoneSimulator.Deploy.0 = Debug|Any CPU
		{67E5C4FB-97AA-4473-AD32-F11F72F1E20E}.Debug|x64.ActiveCfg = Debug|Any CPU
		{67E5C4FB-97AA-4473-AD32-F11F72F1E20E}.Debug|x64.Build.0 = Debug|Any CPU
		{67E5C4FB-97AA-4473-AD32-F11F72F1E20E}.Debug|x64.Deploy.0 = Debug|Any CPU
		{67E5C4FB-97AA-4473-AD32-F11F72F1E20E}.Debug|x86.ActiveCfg = Debug|Any CPU
		{67E5C4FB-97AA-4473-AD32-F11F72F1E20E}.Debug|x86.Build.0 = Debug|Any CPU
		{67E5C4FB-97AA-4473-AD32-F11F72F1E20E}.Debug|x86.Deploy.0 = Debug|Any CPU
		{67E5C4FB-97AA-4473-AD32-F11F72F1E20E}.Release|Any CPU.ActiveCfg = Release|Any CPU
		{67E5C4FB-97AA-4473-AD32-F11F72F1E20E}.Release|Any CPU.Build.0 = Release|Any CPU
		{67E5C4FB-97AA-4473-AD32-F11F72F1E20E}.Release|Any CPU.Deploy.0 = Release|Any CPU
		{67E5C4FB-97AA-4473-AD32-F11F72F1E20E}.Release|ARM.ActiveCfg = Release|Any CPU
		{67E5C4FB-97AA-4473-AD32-F11F72F1E20E}.Release|ARM.Build.0 = Release|Any CPU
		{67E5C4FB-97AA-4473-AD32-F11F72F1E20E}.Release|ARM.Deploy.0 = Release|Any CPU
		{67E5C4FB-97AA-4473-AD32-F11F72F1E20E}.Release|iPhone.ActiveCfg = Release|Any CPU
		{67E5C4FB-97AA-4473-AD32-F11F72F1E20E}.Release|iPhone.Build.0 = Release|Any CPU
		{67E5C4FB-97AA-4473-AD32-F11F72F1E20E}.Release|iPhone.Deploy.0 = Release|Any CPU
		{67E5C4FB-97AA-4473-AD32-F11F72F1E20E}.Release|iPhoneSimulator.ActiveCfg = Release|Any CPU
		{67E5C4FB-97AA-4473-AD32-F11F72F1E20E}.Release|iPhoneSimulator.Build.0 = Release|Any CPU
		{67E5C4FB-97AA-4473-AD32-F11F72F1E20E}.Release|iPhoneSimulator.Deploy.0 = Release|Any CPU
		{67E5C4FB-97AA-4473-AD32-F11F72F1E20E}.Release|x64.ActiveCfg = Release|Any CPU
		{67E5C4FB-97AA-4473-AD32-F11F72F1E20E}.Release|x64.Build.0 = Release|Any CPU
		{67E5C4FB-97AA-4473-AD32-F11F72F1E20E}.Release|x64.Deploy.0 = Release|Any CPU
		{67E5C4FB-97AA-4473-AD32-F11F72F1E20E}.Release|x86.ActiveCfg = Release|Any CPU
		{67E5C4FB-97AA-4473-AD32-F11F72F1E20E}.Release|x86.Build.0 = Release|Any CPU
		{67E5C4FB-97AA-4473-AD32-F11F72F1E20E}.Release|x86.Deploy.0 = Release|Any CPU
	EndGlobalSection
	GlobalSection(SolutionProperties) = preSolution
		HideSolutionNode = FALSE
	EndGlobalSection
	GlobalSection(ExtensibilityGlobals) = postSolution
		SolutionGuid = {A91589A1-62D8-4E51-9FBF-09DD8029CB1B}
	EndGlobalSection
EndGlobal
